# this file was auto generated by https://github.com/likianta/likianta-domain : /src/dev_dist/poetry_export.py
# file was updated at 2026-04-10 15:26:34
# use `pip` command to install: 
#   pip install -U -r requirements.lock --no-deps

--index-url https://pypi.tuna.tsinghua.edu.cn/simple
--extra-index-url http://172.20.128.100:2191
--trusted-host 172.20.128.100

pyapp-window @ http://172.20.128.100:2191/pyapp-window/pyapp_window-2.2.1-py3-none-any.whl

argsense==1.1.0
bottle==0.13.4 ; (sys_platform == "linux" or python_version >= "3.12") and python_version >= "3.9" and python_version <= "3.14"
certifi==2025.8.3
cffi==1.17.1 ; (python_version >= "3.9" or sys_platform == "win32") and python_version >= "3.8" and python_version <= "3.14"
charset-normalizer==3.4.3
clr-loader==0.2.7.post0 ; (python_version >= "3.9" or sys_platform == "win32") and python_version >= "3.8" and python_version <= "3.14"
fonttools==4.57.0 ; (sys_platform == "darwin" or sys_platform == "ios") and python_version == "3.8"
fonttools==4.59.2 ; (sys_platform == "darwin" or sys_platform == "ios") and python_version >= "3.9" and python_version <= "3.14"
gbulb==0.6.6 ; python_version == "3.8" and "freebsd" in sys_platform and sys_platform != "linux"
idna==3.10
importlib-metadata==8.5.0 ; ("freebsd" in sys_platform or sys_platform == "android" or sys_platform == "darwin" or sys_platform == "emscripten" or sys_platform == "ios" or sys_platform == "win32") and sys_platform != "linux" and python_version == "3.8"
lk-logger==6.0.7
lk-utils @ http://172.20.128.100:2191/lk-utils/lk_utils-3.5.2-py3-none-any.whl
markdown-it-py==3.0.0
mdurl==0.1.2
packaging==25.0 ; (python_version >= "3.12" or "freebsd" in sys_platform) and (python_version >= "3.12" or sys_platform != "linux") and (sys_platform == "linux" or sys_platform == "openbsd6" or "freebsd" in sys_platform) and python_version >= "3.10" and python_version <= "3.14"
pillow==11.3.0 ; python_version == "3.9" and sys_platform == "win32"
pillow==12.1.1 ; python_version >= "3.10" and python_version <= "3.14" and sys_platform == "win32"
proxy-tools==0.1.0 ; (sys_platform == "linux" or python_version >= "3.12") and python_version >= "3.9" and python_version <= "3.14"
psutil==7.0.0
pycairo==1.26.1 ; python_version == "3.8" and "freebsd" in sys_platform and sys_platform != "linux"
pycairo==1.28.0 ; (python_version >= "3.12" or "freebsd" in sys_platform) and (python_version >= "3.12" or sys_platform != "linux") and (sys_platform == "linux" or "freebsd" in sys_platform) and python_version >= "3.9" and python_version <= "3.14"
pycparser==2.23 ; (python_version >= "3.9" or sys_platform == "win32") and python_version >= "3.8" and python_version <= "3.14"
pygments==2.19.2
pygobject==3.48.2 ; python_version == "3.8" and "freebsd" in sys_platform and sys_platform != "linux"
pygobject==3.54.2 ; (python_version >= "3.12" or "freebsd" in sys_platform) and (python_version >= "3.12" or sys_platform != "linux") and (sys_platform == "linux" or "freebsd" in sys_platform) and python_version >= "3.9" and python_version <= "3.14"
pyobjc-core==11.1 ; python_version >= "3.12" and python_version <= "3.14" and sys_platform == "darwin"
pyobjc-framework-cocoa==10.3.2 ; python_version >= "3.12" and python_version <= "3.14" and sys_platform == "darwin"
pyobjc-framework-quartz==10.3.2 ; python_version >= "3.12" and python_version <= "3.14" and sys_platform == "darwin"
pyobjc-framework-security==10.3.2 ; python_version >= "3.12" and python_version <= "3.14" and sys_platform == "darwin"
pyobjc-framework-uniformtypeidentifiers==10.3.2 ; python_version >= "3.12" and python_version <= "3.14" and sys_platform == "darwin"
pyobjc-framework-webkit==10.3.2 ; python_version >= "3.12" and python_version <= "3.14" and sys_platform == "darwin"
pythonnet==3.0.5 ; sys_platform == "linux" and python_version >= "3.9" and python_version < "3.12" or python_version == "3.9" or sys_platform == "win32" and python_version >= "3.8" and python_version < "3.10"
pythonnet==3.1.0rc0 ; (python_version >= "3.12" or sys_platform != "linux") and python_version >= "3.10" and python_version <= "3.14"
pywebview==6.1 ; (sys_platform == "linux" or python_version >= "3.12") and python_version >= "3.9" and python_version <= "3.14"
pyyaml==6.0.2
qtpy==2.4.3 ; python_version >= "3.12" and python_version <= "3.14" and sys_platform == "openbsd6"
requests==2.32.4 ; python_version == "3.8"
requests==2.32.5 ; python_version >= "3.9" and python_version < "4.0"
rich==14.3.3
rubicon-objc==0.4.9 ; (sys_platform == "darwin" or sys_platform == "ios") and python_version == "3.8"
rubicon-objc==0.5.2 ; (sys_platform == "darwin" or sys_platform == "ios") and python_version == "3.9"
rubicon-objc==0.5.3 ; (sys_platform == "darwin" or sys_platform == "ios") and python_version >= "3.10" and python_version <= "3.14"
toga-android==0.4.6 ; python_version == "3.8" and sys_platform == "android"
toga-android==0.5.2 ; python_version == "3.9" and sys_platform == "android"
toga-android==0.5.3 ; python_version >= "3.10" and python_version <= "3.14" and sys_platform == "android"
toga-cocoa==0.4.6 ; python_version == "3.8" and sys_platform == "darwin"
toga-cocoa==0.5.2 ; python_version == "3.9" and sys_platform == "darwin"
toga-cocoa==0.5.3 ; python_version >= "3.10" and python_version <= "3.14" and sys_platform == "darwin"
toga-core==0.4.6 ; ("freebsd" in sys_platform or sys_platform == "android" or sys_platform == "darwin" or sys_platform == "emscripten" or sys_platform == "ios" or sys_platform == "win32") and sys_platform != "linux" and python_version == "3.8"
toga-core==0.5.2 ; ("freebsd" in sys_platform or sys_platform == "win32" or sys_platform == "darwin" or sys_platform == "ios" or sys_platform == "android" or sys_platform == "emscripten") and sys_platform != "linux" and python_version == "3.9"
toga-core==0.5.3 ; ("freebsd" in sys_platform or sys_platform == "win32" or sys_platform == "darwin" or sys_platform == "ios" or sys_platform == "android" or sys_platform == "emscripten" or python_version >= "3.12") and ("freebsd" in sys_platform or sys_platform == "win32" or sys_platform == "darwin" or sys_platform == "ios" or sys_platform == "android" or sys_platform == "emscripten" or sys_platform == "linux") and (sys_platform != "linux" or python_version >= "3.12") and python_version >= "3.10" and python_version <= "3.14"
toga-gtk==0.4.6 ; python_version == "3.8" and "freebsd" in sys_platform and sys_platform != "linux"
toga-gtk==0.5.2 ; python_version == "3.9" and sys_platform != "linux" and "freebsd" in sys_platform
toga-gtk==0.5.3 ; (python_version >= "3.12" or "freebsd" in sys_platform) and (python_version >= "3.12" or sys_platform != "linux") and (sys_platform == "linux" or "freebsd" in sys_platform) and python_version >= "3.10" and python_version <= "3.14"
toga-ios==0.4.6 ; python_version == "3.8" and sys_platform == "ios"
toga-ios==0.5.2 ; python_version == "3.9" and sys_platform == "ios"
toga-ios==0.5.3 ; python_version >= "3.10" and python_version <= "3.14" and sys_platform == "ios"
toga-web==0.4.6 ; python_version == "3.8" and sys_platform == "emscripten"
toga-web==0.5.2 ; python_version == "3.9" and sys_platform == "emscripten"
toga-web==0.5.3 ; python_version >= "3.10" and python_version <= "3.14" and sys_platform == "emscripten"
toga-winforms==0.4.6 ; python_version == "3.8" and sys_platform == "win32"
toga-winforms==0.5.2 ; python_version == "3.9" and sys_platform == "win32"
toga-winforms==0.5.3 ; python_version >= "3.10" and python_version <= "3.14" and sys_platform == "win32"
toga==0.4.6 ; python_version == "3.8" and sys_platform != "linux"
toga==0.5.2 ; python_version == "3.9" and sys_platform != "linux"
toga==0.5.3 ; (python_version >= "3.12" or sys_platform != "linux") and python_version >= "3.10" and python_version <= "3.14"
travertino==0.3.0 ; ("freebsd" in sys_platform or sys_platform == "android" or sys_platform == "darwin" or sys_platform == "emscripten" or sys_platform == "ios" or sys_platform == "win32") and sys_platform != "linux" and python_version == "3.8"
travertino==0.5.2 ; ("freebsd" in sys_platform or sys_platform == "win32" or sys_platform == "darwin" or sys_platform == "ios" or sys_platform == "android" or sys_platform == "emscripten") and sys_platform != "linux" and python_version == "3.9"
travertino==0.5.3 ; ("freebsd" in sys_platform or sys_platform == "win32" or sys_platform == "darwin" or sys_platform == "ios" or sys_platform == "android" or sys_platform == "emscripten" or python_version >= "3.12") and ("freebsd" in sys_platform or sys_platform == "win32" or sys_platform == "darwin" or sys_platform == "ios" or sys_platform == "android" or sys_platform == "emscripten" or sys_platform == "linux") and (sys_platform != "linux" or python_version >= "3.12") and python_version >= "3.10" and python_version <= "3.14"
typing-extensions==4.13.2
urllib3==2.2.3
zipp==3.20.2 ; ("freebsd" in sys_platform or sys_platform == "android" or sys_platform == "darwin" or sys_platform == "emscripten" or sys_platform == "ios" or sys_platform == "win32") and sys_platform != "linux" and python_version == "3.8"
