# this file was auto generated by https://github.com/likianta/poetry-extensions
# : /poetry_extensions/poetry_export.py
# file was updated at 2024-12-11 17:07:32
# use `pip` command to install: 
#   pip install -U -r requirements.lock --no-deps

--index-url https://pypi.tuna.tsinghua.edu.cn/simple
--extra-index-url http://likianta.pro:2131
--trusted-host likianta.pro

pyapp-window @ http://likianta.pro:2131/pyapp-window/pyapp_window-2.2.0a0-py3-none-any.whl

argsense==0.5.8
certifi==2024.8.30
cffi==1.16.0 ; python_version >= "3.8" and python_version < "3.13" and sys_platform == "win32"
charset-normalizer==3.3.2
clr-loader==0.2.6 ; python_version >= "3.8" and python_version < "3.13" and sys_platform == "win32"
fonttools==4.51.0 ; python_version >= "3.8" and python_version < "3.13" and sys_platform == "darwin"
idna==3.8
importlib-metadata==7.1.0 ; python_version >= "3.8" and python_version <= "3.9" and (sys_platform == "darwin" or sys_platform == "win32")
lk-logger==6.0.3
lk-utils==3.1.1
markdown-it-py==3.0.0
mdurl==0.1.2
psutil==6.0.0
pycparser==2.22 ; python_version >= "3.8" and python_version < "3.13" and sys_platform == "win32"
pygments==2.18.0
pythonnet==3.0.3 ; python_version >= "3.8" and python_version < "3.13" and sys_platform == "win32"
pyyaml==6.0.1
requests==2.32.3
rich==13.8.1
rubicon-objc==0.4.9 ; python_version >= "3.8" and python_version < "3.13" and sys_platform == "darwin"
toga-cocoa==0.4.7 ; python_version >= "3.8" and python_version < "3.9" and sys_platform == "darwin"
toga-cocoa==0.4.8 ; python_version >= "3.9" and python_version < "3.13" and sys_platform == "darwin"
toga-core==0.4.7 ; python_version >= "3.8" and python_version < "3.9" and (sys_platform == "darwin" or sys_platform == "win32")
toga-core==0.4.8 ; python_version >= "3.9" and python_version < "3.13" and (sys_platform == "darwin" or sys_platform == "win32")
toga-winforms==0.4.7 ; python_version >= "3.8" and python_version < "3.9" and sys_platform == "win32"
toga-winforms==0.4.8 ; python_version >= "3.9" and python_version < "3.13" and sys_platform == "win32"
toga==0.4.7 ; python_version < "3.9" and (sys_platform == "darwin" or sys_platform == "win32") and python_version >= "3.8"
toga==0.4.8 ; python_version >= "3.9" and python_version < "3.13" and (sys_platform == "darwin" or sys_platform == "win32")
travertino==0.3.0 ; python_version >= "3.8" and python_version < "3.13" and (sys_platform == "darwin" or sys_platform == "win32")
typing-extensions==4.11.0
urllib3==2.2.3
webui2==2.4.5 ; sys_platform == "darwin" or sys_platform == "linux"
zipp==3.18.2 ; python_version >= "3.8" and python_version <= "3.9" and (sys_platform == "darwin" or sys_platform == "win32")
