# this file was auto generated by https://github.com/likianta/likianta-domain : /src/dev_dist/poetry_export.py
# file was updated at 2026-03-06 15:44:29
# use `pip` command to install: 
#   pip install -U -r requirements.lock --no-deps

--index-url https://pypi.tuna.tsinghua.edu.cn/simple
--extra-index-url http://172.20.128.100:2191
--trusted-host 172.20.128.100

pyapp-window @ http://172.20.128.100:2191/pyapp-window/pyapp_window-2.2.0-py3-none-any.whl

argsense==1.1.0
certifi==2025.8.3
charset-normalizer==3.4.3
idna==3.10
lk-logger==6.0.7
lk-utils @ http://172.20.128.100:2191/lk-utils/lk_utils-3.5.0a18-py3-none-any.whl
markdown-it-py==3.0.0
mdurl==0.1.2
psutil==7.0.0
pygments==2.19.2
pyyaml==6.0.2
requests==2.32.4 ; python_version == "3.8"
requests==2.32.5 ; python_version >= "3.9" and python_version < "4.0"
rich==14.3.3
typing-extensions==4.13.2
urllib3==2.2.3
webui2==2.5.7
